
Microsoft Visual Studio Solution File, Format Version 12.00
# Visual Studio Version 17
VisualStudioVersion = 17.2.32519.379
MinimumVisualStudioVersion = 10.0.40219.1
Project("{FAE04EC0-301F-11D3-BF4B-00C04F79EFBC}") = "exercicios_exemplo", "exercicios_exemplo.csproj", "{B36E5CA3-D8A5-495F-B4EE-F11A179ECD03}"
EndProject
Global
	GlobalSection(SolutionConfigurationPlatforms) = preSolution
		Debug|Any CPU = Debug|Any CPU
		Release|Any CPU = Release|Any CPU
	EndGlobalSection
	GlobalSection(ProjectConfigurationPlatforms) = postSolution
		{B36E5CA3-D8A5-495F-B4EE-F11A179ECD03}.Debug|Any CPU.ActiveCfg = Debug|Any CPU
		{B36E5CA3-D8A5-495F-B4EE-F11A179ECD03}.Debug|Any CPU.Build.0 = Debug|Any CPU
		{B36E5CA3-D8A5-495F-B4EE-F11A179ECD03}.Release|Any CPU.ActiveCfg = Release|Any CPU
		{B36E5CA3-D8A5-495F-B4EE-F11A179ECD03}.Release|Any CPU.Build.0 = Release|Any CPU
	EndGlobalSection
	GlobalSection(SolutionProperties) = preSolution
		HideSolutionNode = FALSE
	EndGlobalSection
	GlobalSection(ExtensibilityGlobals) = postSolution
		SolutionGuid = {3CB465B6-49DE-431E-8145-012399C9279D}
	EndGlobalSection
EndGlobal
