
Microsoft Visual Studio Solution File, Format Version 12.00
# Visual Studio Version 17
VisualStudioVersion = 17.2.32519.379
MinimumVisualStudioVersion = 10.0.40219.1
Project("{FAE04EC0-301F-11D3-BF4B-00C04F79EFBC}") = "calculadora", "calculadora.csproj", "{FF97A025-29DC-46DA-A250-533FD2C01FE6}"
EndProject
Global
	GlobalSection(SolutionConfigurationPlatforms) = preSolution
		Debug|Any CPU = Debug|Any CPU
		Release|Any CPU = Release|Any CPU
	EndGlobalSection
	GlobalSection(ProjectConfigurationPlatforms) = postSolution
		{FF97A025-29DC-46DA-A250-533FD2C01FE6}.Debug|Any CPU.ActiveCfg = Debug|Any CPU
		{FF97A025-29DC-46DA-A250-533FD2C01FE6}.Debug|Any CPU.Build.0 = Debug|Any CPU
		{FF97A025-29DC-46DA-A250-533FD2C01FE6}.Release|Any CPU.ActiveCfg = Release|Any CPU
		{FF97A025-29DC-46DA-A250-533FD2C01FE6}.Release|Any CPU.Build.0 = Release|Any CPU
	EndGlobalSection
	GlobalSection(SolutionProperties) = preSolution
		HideSolutionNode = FALSE
	EndGlobalSection
	GlobalSection(ExtensibilityGlobals) = postSolution
		SolutionGuid = {36389F65-AC35-4E3B-A7E3-2DAA5254E304}
	EndGlobalSection
EndGlobal
